// !$*UTF8*$!
{
	archiveVersion = 1;
	classes = {
	};
	objectVersion = 46;
	objects = {

/* Begin PBXBuildFile section */
		2FC1EB7C1A78022B000A1935 /* WebViewController.swift in Sources */ = {isa = PBXBuildFile; fileRef = 2FC1EB7B1A78022B000A1935 /* WebViewController.swift */; };
		4313C0EE1A785CEE0097DC7E /* Images.xcassets in Resources */ = {isa = PBXBuildFile; fileRef = 4313C0ED1A785CEE0097DC7E /* Images.xcassets */; };
		4330F8091A78589000E5BA72 /* GlobalCell.xib in Resources */ = {isa = PBXBuildFile; fileRef = 4330F8081A78589000E5BA72 /* GlobalCell.xib */; };
		4383FCCE1A781377009538D0 /* Regions.swift in Sources */ = {isa = PBXBuildFile; fileRef = 4383FCCD1A781377009538D0 /* Regions.swift */; };
		4383FCD01A78139B009538D0 /* SubRegion.swift in Sources */ = {isa = PBXBuildFile; fileRef = 4383FCCF1A78139B009538D0 /* SubRegion.swift */; };
		4383FCD21A78195F009538D0 /* Country.swift in Sources */ = {isa = PBXBuildFile; fileRef = 4383FCD11A78195F009538D0 /* Country.swift */; };
		4383FCD41A783605009538D0 /* RegionalCell.xib in Resources */ = {isa = PBXBuildFile; fileRef = 4383FCD31A783605009538D0 /* RegionalCell.xib */; };
		5DA907531A758C7B009D92C2 /* AppDelegate.swift in Sources */ = {isa = PBXBuildFile; fileRef = 5DA907521A758C7B009D92C2 /* AppDelegate.swift */; };
		5DA907581A758C7C009D92C2 /* Main.storyboard in Resources */ = {isa = PBXBuildFile; fileRef = 5DA907561A758C7B009D92C2 /* Main.storyboard */; };
		5DA9075D1A758C7C009D92C2 /* LaunchScreen.xib in Resources */ = {isa = PBXBuildFile; fileRef = 5DA9075B1A758C7C009D92C2 /* LaunchScreen.xib */; };
		5DA907691A758C7C009D92C2 /* _3AndMeClientTests.swift in Sources */ = {isa = PBXBuildFile; fileRef = 5DA907681A758C7C009D92C2 /* _3AndMeClientTests.swift */; };
		5DA9078E1A758D85009D92C2 /* ancestry_get.json in Resources */ = {isa = PBXBuildFile; fileRef = 5DA907781A758D85009D92C2 /* ancestry_get.json */; };
		5DA907911A758D85009D92C2 /* family_members_get.json in Resources */ = {isa = PBXBuildFile; fileRef = 5DA9077B1A758D85009D92C2 /* family_members_get.json */; };
		5DA907921A758D85009D92C2 /* genome_get.json in Resources */ = {isa = PBXBuildFile; fileRef = 5DA9077C1A758D85009D92C2 /* genome_get.json */; };
		5DA907931A758D85009D92C2 /* genotypes_get.json in Resources */ = {isa = PBXBuildFile; fileRef = 5DA9077D1A758D85009D92C2 /* genotypes_get.json */; };
		5DA907941A758D85009D92C2 /* grfs_get.json in Resources */ = {isa = PBXBuildFile; fileRef = 5DA9077E1A758D85009D92C2 /* grfs_get.json */; };
		5DA907951A758D85009D92C2 /* haplogroups_get.json in Resources */ = {isa = PBXBuildFile; fileRef = 5DA9077F1A758D85009D92C2 /* haplogroups_get.json */; };
		5DA907991A758D85009D92C2 /* names_get.json in Resources */ = {isa = PBXBuildFile; fileRef = 5DA907831A758D85009D92C2 /* names_get.json */; };
		5DA9079A1A758D85009D92C2 /* neanderthal_get.json in Resources */ = {isa = PBXBuildFile; fileRef = 5DA907841A758D85009D92C2 /* neanderthal_get.json */; };
		5DA9079B1A758D85009D92C2 /* phenotype_get.json in Resources */ = {isa = PBXBuildFile; fileRef = 5DA907851A758D85009D92C2 /* phenotype_get.json */; };
		5DA9079C1A758D85009D92C2 /* phenotype_put.json in Resources */ = {isa = PBXBuildFile; fileRef = 5DA907861A758D85009D92C2 /* phenotype_put.json */; };
		5DA9079D1A758D85009D92C2 /* picture_get.json in Resources */ = {isa = PBXBuildFile; fileRef = 5DA907871A758D85009D92C2 /* picture_get.json */; };
		5DA9079E1A758D85009D92C2 /* publish.json in Resources */ = {isa = PBXBuildFile; fileRef = 5DA907881A758D85009D92C2 /* publish.json */; };
		5DA9079F1A758D85009D92C2 /* relatives_get.json in Resources */ = {isa = PBXBuildFile; fileRef = 5DA907891A758D85009D92C2 /* relatives_get.json */; };
		5DA907A31A758D85009D92C2 /* user.json in Resources */ = {isa = PBXBuildFile; fileRef = 5DA9078D1A758D85009D92C2 /* user.json */; };
		5DA907A81A7597E0009D92C2 /* MenuTableViewController.swift in Sources */ = {isa = PBXBuildFile; fileRef = 5DA907A71A7597E0009D92C2 /* MenuTableViewController.swift */; };
		5DA907B01A75A3E1009D92C2 /* Inherited Conditions ViewController.swift in Sources */ = {isa = PBXBuildFile; fileRef = 5DA907AF1A75A3E1009D92C2 /* Inherited Conditions ViewController.swift */; };
		5DA907B61A75A886009D92C2 /* PaternalLineViewController.swift in Sources */ = {isa = PBXBuildFile; fileRef = 5DA907B51A75A885009D92C2 /* PaternalLineViewController.swift */; };
		5DA907B81A75A91F009D92C2 /* NeanderthalAncestryViewController.swift in Sources */ = {isa = PBXBuildFile; fileRef = 5DA907B71A75A91F009D92C2 /* NeanderthalAncestryViewController.swift */; };
		5DA907BC1A75ACB4009D92C2 /* NetworkController.swift in Sources */ = {isa = PBXBuildFile; fileRef = 5DA907BB1A75ACB4009D92C2 /* NetworkController.swift */; };
		7915CDC31A7753F800597B50 /* CelebrityView.xib in Resources */ = {isa = PBXBuildFile; fileRef = 7915CDC21A7753F800597B50 /* CelebrityView.xib */; };
		7915CDCD1A77761D00597B50 /* AncestryGlobalViewController.swift in Sources */ = {isa = PBXBuildFile; fileRef = 7915CDCC1A77761D00597B50 /* AncestryGlobalViewController.swift */; };
		7915CDCF1A777ECC00597B50 /* GlobalCell.swift in Sources */ = {isa = PBXBuildFile; fileRef = 7915CDCE1A777ECC00597B50 /* GlobalCell.swift */; };
		792A65BE1A79AF0000C5AB28 /* Celebrity.swift in Sources */ = {isa = PBXBuildFile; fileRef = 792A65BD1A79AF0000C5AB28 /* Celebrity.swift */; };
		796DDB7D1A77881A00E6FFAE /* CelebrityInterestViewController.swift in Sources */ = {isa = PBXBuildFile; fileRef = 796DDB7C1A77881A00E6FFAE /* CelebrityInterestViewController.swift */; };
		796DDB7F1A77898900E6FFAE /* AncestryRegionalViewController.swift in Sources */ = {isa = PBXBuildFile; fileRef = 796DDB7E1A77898900E6FFAE /* AncestryRegionalViewController.swift */; };
		79A49B231A778F7D007520C8 /* RegionalCell.swift in Sources */ = {isa = PBXBuildFile; fileRef = 79A49B221A778F7D007520C8 /* RegionalCell.swift */; };
		79A49B271A786D05007520C8 /* CelebrityArray copy.swift in Sources */ = {isa = PBXBuildFile; fileRef = 79A49B261A786D05007520C8 /* CelebrityArray copy.swift */; };
		79AA5B441A7A9F2200DC7205 /* CelebPropertyList.plist in Resources */ = {isa = PBXBuildFile; fileRef = 79AA5B431A7A9F2200DC7205 /* CelebPropertyList.plist */; };
		79CFF22D1A797BD700FD578E /* Country2ViewController.swift in Sources */ = {isa = PBXBuildFile; fileRef = 79CFF22C1A797BD700FD578E /* Country2ViewController.swift */; };
/* End PBXBuildFile section */

/* Begin PBXContainerItemProxy section */
		5DA907631A758C7C009D92C2 /* PBXContainerItemProxy */ = {
			isa = PBXContainerItemProxy;
			containerPortal = 5DA907451A758C7B009D92C2 /* Project object */;
			proxyType = 1;
			remoteGlobalIDString = 5DA9074C1A758C7B009D92C2;
			remoteInfo = 23AndMeClient;
		};
/* End PBXContainerItemProxy section */

/* Begin PBXFileReference section */
		2FC1EB7B1A78022B000A1935 /* WebViewController.swift */ = {isa = PBXFileReference; fileEncoding = 4; lastKnownFileType = sourcecode.swift; path = WebViewController.swift; sourceTree = "<group>"; };
		4313C0ED1A785CEE0097DC7E /* Images.xcassets */ = {isa = PBXFileReference; lastKnownFileType = folder.assetcatalog; path = Images.xcassets; sourceTree = "<group>"; };
		4330F8081A78589000E5BA72 /* GlobalCell.xib */ = {isa = PBXFileReference; fileEncoding = 4; lastKnownFileType = file.xib; path = GlobalCell.xib; sourceTree = "<group>"; };
		4383FCCD1A781377009538D0 /* Regions.swift */ = {isa = PBXFileReference; fileEncoding = 4; lastKnownFileType = sourcecode.swift; path = Regions.swift; sourceTree = "<group>"; };
		4383FCCF1A78139B009538D0 /* SubRegion.swift */ = {isa = PBXFileReference; fileEncoding = 4; lastKnownFileType = sourcecode.swift; path = SubRegion.swift; sourceTree = "<group>"; };
		4383FCD11A78195F009538D0 /* Country.swift */ = {isa = PBXFileReference; fileEncoding = 4; lastKnownFileType = sourcecode.swift; path = Country.swift; sourceTree = "<group>"; };
		4383FCD31A783605009538D0 /* RegionalCell.xib */ = {isa = PBXFileReference; fileEncoding = 4; lastKnownFileType = file.xib; path = RegionalCell.xib; sourceTree = "<group>"; };
		5DA9074D1A758C7B009D92C2 /* 23AndMeClient.app */ = {isa = PBXFileReference; explicitFileType = wrapper.application; includeInIndex = 0; path = 23AndMeClient.app; sourceTree = BUILT_PRODUCTS_DIR; };
		5DA907511A758C7B009D92C2 /* Info.plist */ = {isa = PBXFileReference; lastKnownFileType = text.plist.xml; path = Info.plist; sourceTree = "<group>"; };
		5DA907521A758C7B009D92C2 /* AppDelegate.swift */ = {isa = PBXFileReference; lastKnownFileType = sourcecode.swift; path = AppDelegate.swift; sourceTree = "<group>"; };
		5DA907571A758C7C009D92C2 /* Base */ = {isa = PBXFileReference; lastKnownFileType = file.storyboard; name = Base; path = Base.lproj/Main.storyboard; sourceTree = "<group>"; };
		5DA9075C1A758C7C009D92C2 /* Base */ = {isa = PBXFileReference; lastKnownFileType = file.xib; name = Base; path = Base.lproj/LaunchScreen.xib; sourceTree = "<group>"; };
		5DA907621A758C7C009D92C2 /* 23AndMeClientTests.xctest */ = {isa = PBXFileReference; explicitFileType = wrapper.cfbundle; includeInIndex = 0; path = 23AndMeClientTests.xctest; sourceTree = BUILT_PRODUCTS_DIR; };
		5DA907671A758C7C009D92C2 /* Info.plist */ = {isa = PBXFileReference; lastKnownFileType = text.plist.xml; path = Info.plist; sourceTree = "<group>"; };
		5DA907681A758C7C009D92C2 /* _3AndMeClientTests.swift */ = {isa = PBXFileReference; lastKnownFileType = sourcecode.swift; path = _3AndMeClientTests.swift; sourceTree = "<group>"; };
		5DA907781A758D85009D92C2 /* ancestry_get.json */ = {isa = PBXFileReference; fileEncoding = 4; lastKnownFileType = text.json; path = ancestry_get.json; sourceTree = "<group>"; };
		5DA9077B1A758D85009D92C2 /* family_members_get.json */ = {isa = PBXFileReference; fileEncoding = 4; lastKnownFileType = text.json; path = family_members_get.json; sourceTree = "<group>"; };
		5DA9077C1A758D85009D92C2 /* genome_get.json */ = {isa = PBXFileReference; fileEncoding = 4; lastKnownFileType = text.json; path = genome_get.json; sourceTree = "<group>"; };
		5DA9077D1A758D85009D92C2 /* genotypes_get.json */ = {isa = PBXFileReference; fileEncoding = 4; lastKnownFileType = text.json; path = genotypes_get.json; sourceTree = "<group>"; };
		5DA9077E1A758D85009D92C2 /* grfs_get.json */ = {isa = PBXFileReference; fileEncoding = 4; lastKnownFileType = text.json; path = grfs_get.json; sourceTree = "<group>"; };
		5DA9077F1A758D85009D92C2 /* haplogroups_get.json */ = {isa = PBXFileReference; fileEncoding = 4; lastKnownFileType = text.json; path = haplogroups_get.json; sourceTree = "<group>"; };
		5DA907831A758D85009D92C2 /* names_get.json */ = {isa = PBXFileReference; fileEncoding = 4; lastKnownFileType = text.json; path = names_get.json; sourceTree = "<group>"; };
		5DA907841A758D85009D92C2 /* neanderthal_get.json */ = {isa = PBXFileReference; fileEncoding = 4; lastKnownFileType = text.json; path = neanderthal_get.json; sourceTree = "<group>"; };
		5DA907851A758D85009D92C2 /* phenotype_get.json */ = {isa = PBXFileReference; fileEncoding = 4; lastKnownFileType = text.json; path = phenotype_get.json; sourceTree = "<group>"; };
		5DA907861A758D85009D92C2 /* phenotype_put.json */ = {isa = PBXFileReference; fileEncoding = 4; lastKnownFileType = text.json; path = phenotype_put.json; sourceTree = "<group>"; };
		5DA907871A758D85009D92C2 /* picture_get.json */ = {isa = PBXFileReference; fileEncoding = 4; lastKnownFileType = text.json; path = picture_get.json; sourceTree = "<group>"; };
		5DA907881A758D85009D92C2 /* publish.json */ = {isa = PBXFileReference; fileEncoding = 4; lastKnownFileType = text.json; path = publish.json; sourceTree = "<group>"; };
		5DA907891A758D85009D92C2 /* relatives_get.json */ = {isa = PBXFileReference; fileEncoding = 4; lastKnownFileType = text.json; path = relatives_get.json; sourceTree = "<group>"; };
		5DA9078D1A758D85009D92C2 /* user.json */ = {isa = PBXFileReference; fileEncoding = 4; lastKnownFileType = text.json; path = user.json; sourceTree = "<group>"; };
		5DA907A71A7597E0009D92C2 /* MenuTableViewController.swift */ = {isa = PBXFileReference; fileEncoding = 4; lastKnownFileType = sourcecode.swift; path = MenuTableViewController.swift; sourceTree = "<group>"; };
		5DA907AF1A75A3E1009D92C2 /* Inherited Conditions ViewController.swift */ = {isa = PBXFileReference; fileEncoding = 4; lastKnownFileType = sourcecode.swift; path = "Inherited Conditions ViewController.swift"; sourceTree = "<group>"; };
		5DA907B51A75A885009D92C2 /* PaternalLineViewController.swift */ = {isa = PBXFileReference; fileEncoding = 4; lastKnownFileType = sourcecode.swift; path = PaternalLineViewController.swift; sourceTree = "<group>"; };
		5DA907B71A75A91F009D92C2 /* NeanderthalAncestryViewController.swift */ = {isa = PBXFileReference; fileEncoding = 4; lastKnownFileType = sourcecode.swift; path = NeanderthalAncestryViewController.swift; sourceTree = "<group>"; };
		5DA907BB1A75ACB4009D92C2 /* NetworkController.swift */ = {isa = PBXFileReference; fileEncoding = 4; lastKnownFileType = sourcecode.swift; path = NetworkController.swift; sourceTree = "<group>"; };
		7915CDC21A7753F800597B50 /* CelebrityView.xib */ = {isa = PBXFileReference; fileEncoding = 4; lastKnownFileType = file.xib; name = CelebrityView.xib; path = ../CelebrityView.xib; sourceTree = "<group>"; };
		7915CDCC1A77761D00597B50 /* AncestryGlobalViewController.swift */ = {isa = PBXFileReference; fileEncoding = 4; lastKnownFileType = sourcecode.swift; name = AncestryGlobalViewController.swift; path = ../AncestryGlobalViewController.swift; sourceTree = "<group>"; };
		7915CDCE1A777ECC00597B50 /* GlobalCell.swift */ = {isa = PBXFileReference; fileEncoding = 4; lastKnownFileType = sourcecode.swift; path = GlobalCell.swift; sourceTree = "<group>"; };
		792A65BD1A79AF0000C5AB28 /* Celebrity.swift */ = {isa = PBXFileReference; fileEncoding = 4; lastKnownFileType = sourcecode.swift; path = Celebrity.swift; sourceTree = "<group>"; };
		796DDB7C1A77881A00E6FFAE /* CelebrityInterestViewController.swift */ = {isa = PBXFileReference; fileEncoding = 4; lastKnownFileType = sourcecode.swift; name = CelebrityInterestViewController.swift; path = ../CelebrityInterestViewController.swift; sourceTree = "<group>"; };
		796DDB7E1A77898900E6FFAE /* AncestryRegionalViewController.swift */ = {isa = PBXFileReference; fileEncoding = 4; lastKnownFileType = sourcecode.swift; name = AncestryRegionalViewController.swift; path = ../AncestryRegionalViewController.swift; sourceTree = "<group>"; };
		79A49B221A778F7D007520C8 /* RegionalCell.swift */ = {isa = PBXFileReference; fileEncoding = 4; lastKnownFileType = sourcecode.swift; name = RegionalCell.swift; path = ../RegionalCell.swift; sourceTree = "<group>"; };
		79A49B261A786D05007520C8 /* CelebrityArray copy.swift */ = {isa = PBXFileReference; fileEncoding = 4; lastKnownFileType = sourcecode.swift; path = "CelebrityArray copy.swift"; sourceTree = "<group>"; };
		79AA5B431A7A9F2200DC7205 /* CelebPropertyList.plist */ = {isa = PBXFileReference; fileEncoding = 4; lastKnownFileType = text.plist.xml; path = CelebPropertyList.plist; sourceTree = "<group>"; };
		79CFF22C1A797BD700FD578E /* Country2ViewController.swift */ = {isa = PBXFileReference; fileEncoding = 4; lastKnownFileType = sourcecode.swift; path = Country2ViewController.swift; sourceTree = "<group>"; };
/* End PBXFileReference section */

/* Begin PBXFrameworksBuildPhase section */
		5DA9074A1A758C7B009D92C2 /* Frameworks */ = {
			isa = PBXFrameworksBuildPhase;
			buildActionMask = 2147483647;
			files = (
			);
			runOnlyForDeploymentPostprocessing = 0;
		};
		5DA9075F1A758C7C009D92C2 /* Frameworks */ = {
			isa = PBXFrameworksBuildPhase;
			buildActionMask = 2147483647;
			files = (
			);
			runOnlyForDeploymentPostprocessing = 0;
		};
/* End PBXFrameworksBuildPhase section */

/* Begin PBXGroup section */
		5DA907441A758C7B009D92C2 = {
			isa = PBXGroup;
			children = (
				5DA9074F1A758C7B009D92C2 /* 23AndMeClient */,
				5DA907651A758C7C009D92C2 /* 23AndMeClientTests */,
				5DA9074E1A758C7B009D92C2 /* Products */,
			);
			sourceTree = "<group>";
		};
		5DA9074E1A758C7B009D92C2 /* Products */ = {
			isa = PBXGroup;
			children = (
				5DA9074D1A758C7B009D92C2 /* 23AndMeClient.app */,
				5DA907621A758C7C009D92C2 /* 23AndMeClientTests.xctest */,
			);
			name = Products;
			sourceTree = "<group>";
		};
		5DA9074F1A758C7B009D92C2 /* 23AndMeClient */ = {
			isa = PBXGroup;
			children = (
				5DA907741A758CDF009D92C2 /* Models */,
				5DA907731A758CD3009D92C2 /* Views */,
				5DA907721A758CC6009D92C2 /* Controllers */,
				5DA907521A758C7B009D92C2 /* AppDelegate.swift */,
				5DA907AF1A75A3E1009D92C2 /* Inherited Conditions ViewController.swift */,
				5DA9075B1A758C7C009D92C2 /* LaunchScreen.xib */,
				4313C0ED1A785CEE0097DC7E /* Images.xcassets */,
				5DA907501A758C7B009D92C2 /* Supporting Files */,
			);
			path = 23AndMeClient;
			sourceTree = "<group>";
		};
		5DA907501A758C7B009D92C2 /* Supporting Files */ = {
			isa = PBXGroup;
			children = (
				5DA907511A758C7B009D92C2 /* Info.plist */,
			);
			name = "Supporting Files";
			sourceTree = "<group>";
		};
		5DA907651A758C7C009D92C2 /* 23AndMeClientTests */ = {
			isa = PBXGroup;
			children = (
				5DA907681A758C7C009D92C2 /* _3AndMeClientTests.swift */,
				5DA907661A758C7C009D92C2 /* Supporting Files */,
			);
			path = 23AndMeClientTests;
			sourceTree = "<group>";
		};
		5DA907661A758C7C009D92C2 /* Supporting Files */ = {
			isa = PBXGroup;
			children = (
				5DA907671A758C7C009D92C2 /* Info.plist */,
			);
			name = "Supporting Files";
			sourceTree = "<group>";
		};
		5DA907721A758CC6009D92C2 /* Controllers */ = {
			isa = PBXGroup;
			children = (
				5DA907A71A7597E0009D92C2 /* MenuTableViewController.swift */,
				7915CDCC1A77761D00597B50 /* AncestryGlobalViewController.swift */,
				79CFF22C1A797BD700FD578E /* Country2ViewController.swift */,
				796DDB7E1A77898900E6FFAE /* AncestryRegionalViewController.swift */,
				796DDB7C1A77881A00E6FFAE /* CelebrityInterestViewController.swift */,
				5DA907B51A75A885009D92C2 /* PaternalLineViewController.swift */,
				5DA907B71A75A91F009D92C2 /* NeanderthalAncestryViewController.swift */,
				5DA907BB1A75ACB4009D92C2 /* NetworkController.swift */,
				2FC1EB7B1A78022B000A1935 /* WebViewController.swift */,
			);
			name = Controllers;
			sourceTree = "<group>";
		};
		5DA907731A758CD3009D92C2 /* Views */ = {
			isa = PBXGroup;
			children = (
				5DA907561A758C7B009D92C2 /* Main.storyboard */,
				7915CDCE1A777ECC00597B50 /* GlobalCell.swift */,
				4330F8081A78589000E5BA72 /* GlobalCell.xib */,
				79A49B221A778F7D007520C8 /* RegionalCell.swift */,
				4383FCD31A783605009538D0 /* RegionalCell.xib */,
				7915CDC21A7753F800597B50 /* CelebrityView.xib */,
			);
			name = Views;
			sourceTree = "<group>";
		};
		5DA907741A758CDF009D92C2 /* Models */ = {
			isa = PBXGroup;
			children = (
				4383FCCD1A781377009538D0 /* Regions.swift */,
				4383FCCF1A78139B009538D0 /* SubRegion.swift */,
				4383FCD11A78195F009538D0 /* Country.swift */,
				792A65BD1A79AF0000C5AB28 /* Celebrity.swift */,
				79A49B261A786D05007520C8 /* CelebrityArray copy.swift */,
				79AA5B431A7A9F2200DC7205 /* CelebPropertyList.plist */,
				5DA907A61A758F43009D92C2 /* JSON Files */,
			);
			name = Models;
			sourceTree = "<group>";
		};
		5DA907A61A758F43009D92C2 /* JSON Files */ = {
			isa = PBXGroup;
			children = (
				5DA907781A758D85009D92C2 /* ancestry_get.json */,
				5DA9077B1A758D85009D92C2 /* family_members_get.json */,
				5DA9077C1A758D85009D92C2 /* genome_get.json */,
				5DA9077D1A758D85009D92C2 /* genotypes_get.json */,
				5DA9077E1A758D85009D92C2 /* grfs_get.json */,
				5DA9077F1A758D85009D92C2 /* haplogroups_get.json */,
				5DA907831A758D85009D92C2 /* names_get.json */,
				5DA907841A758D85009D92C2 /* neanderthal_get.json */,
				5DA907851A758D85009D92C2 /* phenotype_get.json */,
				5DA907861A758D85009D92C2 /* phenotype_put.json */,
				5DA907871A758D85009D92C2 /* picture_get.json */,
				5DA907881A758D85009D92C2 /* publish.json */,
				5DA907891A758D85009D92C2 /* relatives_get.json */,
				5DA9078D1A758D85009D92C2 /* user.json */,
			);
			name = "JSON Files";
			sourceTree = "<group>";
		};
/* End PBXGroup section */

/* Begin PBXNativeTarget section */
		5DA9074C1A758C7B009D92C2 /* 23AndMeClient */ = {
			isa = PBXNativeTarget;
			buildConfigurationList = 5DA9076C1A758C7C009D92C2 /* Build configuration list for PBXNativeTarget "23AndMeClient" */;
			buildPhases = (
				5DA907491A758C7B009D92C2 /* Sources */,
				5DA9074A1A758C7B009D92C2 /* Frameworks */,
				5DA9074B1A758C7B009D92C2 /* Resources */,
			);
			buildRules = (
			);
			dependencies = (
			);
			name = 23AndMeClient;
			productName = 23AndMeClient;
			productReference = 5DA9074D1A758C7B009D92C2 /* 23AndMeClient.app */;
			productType = "com.apple.product-type.application";
		};
		5DA907611A758C7C009D92C2 /* 23AndMeClientTests */ = {
			isa = PBXNativeTarget;
			buildConfigurationList = 5DA9076F1A758C7C009D92C2 /* Build configuration list for PBXNativeTarget "23AndMeClientTests" */;
			buildPhases = (
				5DA9075E1A758C7C009D92C2 /* Sources */,
				5DA9075F1A758C7C009D92C2 /* Frameworks */,
				5DA907601A758C7C009D92C2 /* Resources */,
			);
			buildRules = (
			);
			dependencies = (
				5DA907641A758C7C009D92C2 /* PBXTargetDependency */,
			);
			name = 23AndMeClientTests;
			productName = 23AndMeClientTests;
			productReference = 5DA907621A758C7C009D92C2 /* 23AndMeClientTests.xctest */;
			productType = "com.apple.product-type.bundle.unit-test";
		};
/* End PBXNativeTarget section */

/* Begin PBXProject section */
		5DA907451A758C7B009D92C2 /* Project object */ = {
			isa = PBXProject;
			attributes = {
				LastUpgradeCheck = 0610;
				ORGANIZATIONNAME = "John Leonard";
				TargetAttributes = {
					5DA9074C1A758C7B009D92C2 = {
						CreatedOnToolsVersion = 6.1.1;
					};
					5DA907611A758C7C009D92C2 = {
						CreatedOnToolsVersion = 6.1.1;
						TestTargetID = 5DA9074C1A758C7B009D92C2;
					};
				};
			};
			buildConfigurationList = 5DA907481A758C7B009D92C2 /* Build configuration list for PBXProject "23AndMeClient" */;
			compatibilityVersion = "Xcode 3.2";
			developmentRegion = English;
			hasScannedForEncodings = 0;
			knownRegions = (
				en,
				Base,
			);
			mainGroup = 5DA907441A758C7B009D92C2;
			productRefGroup = 5DA9074E1A758C7B009D92C2 /* Products */;
			projectDirPath = "";
			projectRoot = "";
			targets = (
				5DA9074C1A758C7B009D92C2 /* 23AndMeClient */,
				5DA907611A758C7C009D92C2 /* 23AndMeClientTests */,
			);
		};
/* End PBXProject section */

/* Begin PBXResourcesBuildPhase section */
		5DA9074B1A758C7B009D92C2 /* Resources */ = {
			isa = PBXResourcesBuildPhase;
			buildActionMask = 2147483647;
			files = (
				5DA907911A758D85009D92C2 /* family_members_get.json in Resources */,
				4313C0EE1A785CEE0097DC7E /* Images.xcassets in Resources */,
				5DA9079A1A758D85009D92C2 /* neanderthal_get.json in Resources */,
				5DA907921A758D85009D92C2 /* genome_get.json in Resources */,
				5DA907991A758D85009D92C2 /* names_get.json in Resources */,
				5DA907581A758C7C009D92C2 /* Main.storyboard in Resources */,
				5DA9079C1A758D85009D92C2 /* phenotype_put.json in Resources */,
				5DA907A31A758D85009D92C2 /* user.json in Resources */,
				5DA907941A758D85009D92C2 /* grfs_get.json in Resources */,
				4330F8091A78589000E5BA72 /* GlobalCell.xib in Resources */,
				5DA9078E1A758D85009D92C2 /* ancestry_get.json in Resources */,
				5DA9079D1A758D85009D92C2 /* picture_get.json in Resources */,
				7915CDC31A7753F800597B50 /* CelebrityView.xib in Resources */,
				5DA9075D1A758C7C009D92C2 /* LaunchScreen.xib in Resources */,
				5DA9079B1A758D85009D92C2 /* phenotype_get.json in Resources */,
				5DA907931A758D85009D92C2 /* genotypes_get.json in Resources */,
				5DA9079F1A758D85009D92C2 /* relatives_get.json in Resources */,
				79AA5B441A7A9F2200DC7205 /* CelebPropertyList.plist in Resources */,
				5DA907951A758D85009D92C2 /* haplogroups_get.json in Resources */,
				4383FCD41A783605009538D0 /* RegionalCell.xib in Resources */,
				5DA9079E1A758D85009D92C2 /* publish.json in Resources */,
			);
			runOnlyForDeploymentPostprocessing = 0;
		};
		5DA907601A758C7C009D92C2 /* Resources */ = {
			isa = PBXResourcesBuildPhase;
			buildActionMask = 2147483647;
			files = (
			);
			runOnlyForDeploymentPostprocessing = 0;
		};
/* End PBXResourcesBuildPhase section */

/* Begin PBXSourcesBuildPhase section */
		5DA907491A758C7B009D92C2 /* Sources */ = {
			isa = PBXSourcesBuildPhase;
			buildActionMask = 2147483647;
			files = (
				796DDB7F1A77898900E6FFAE /* AncestryRegionalViewController.swift in Sources */,
				5DA907BC1A75ACB4009D92C2 /* NetworkController.swift in Sources */,
				5DA907A81A7597E0009D92C2 /* MenuTableViewController.swift in Sources */,
				5DA907B61A75A886009D92C2 /* PaternalLineViewController.swift in Sources */,
				5DA907531A758C7B009D92C2 /* AppDelegate.swift in Sources */,
				2FC1EB7C1A78022B000A1935 /* WebViewController.swift in Sources */,
				7915CDCD1A77761D00597B50 /* AncestryGlobalViewController.swift in Sources */,
				7915CDCF1A777ECC00597B50 /* GlobalCell.swift in Sources */,
				4383FCCE1A781377009538D0 /* Regions.swift in Sources */,
				79CFF22D1A797BD700FD578E /* Country2ViewController.swift in Sources */,
				4383FCD01A78139B009538D0 /* SubRegion.swift in Sources */,
				4383FCD21A78195F009538D0 /* Country.swift in Sources */,
				796DDB7D1A77881A00E6FFAE /* CelebrityInterestViewController.swift in Sources */,
				792A65BE1A79AF0000C5AB28 /* Celebrity.swift in Sources */,
				79A49B271A786D05007520C8 /* CelebrityArray copy.swift in Sources */,
				5DA907B81A75A91F009D92C2 /* NeanderthalAncestryViewController.swift in Sources */,
				79A49B231A778F7D007520C8 /* RegionalCell.swift in Sources */,
				5DA907B01A75A3E1009D92C2 /* Inherited Conditions ViewController.swift in Sources */,
			);
			runOnlyForDeploymentPostprocessing = 0;
		};
		5DA9075E1A758C7C009D92C2 /* Sources */ = {
			isa = PBXSourcesBuildPhase;
			buildActionMask = 2147483647;
			files = (
				5DA907691A758C7C009D92C2 /* _3AndMeClientTests.swift in Sources */,
			);
			runOnlyForDeploymentPostprocessing = 0;
		};
/* End PBXSourcesBuildPhase section */

/* Begin PBXTargetDependency section */
		5DA907641A758C7C009D92C2 /* PBXTargetDependency */ = {
			isa = PBXTargetDependency;
			target = 5DA9074C1A758C7B009D92C2 /* 23AndMeClient */;
			targetProxy = 5DA907631A758C7C009D92C2 /* PBXContainerItemProxy */;
		};
/* End PBXTargetDependency section */

/* Begin PBXVariantGroup section */
		5DA907561A758C7B009D92C2 /* Main.storyboard */ = {
			isa = PBXVariantGroup;
			children = (
				5DA907571A758C7C009D92C2 /* Base */,
			);
			name = Main.storyboard;
			sourceTree = "<group>";
		};
		5DA9075B1A758C7C009D92C2 /* LaunchScreen.xib */ = {
			isa = PBXVariantGroup;
			children = (
				5DA9075C1A758C7C009D92C2 /* Base */,
			);
			name = LaunchScreen.xib;
			sourceTree = "<group>";
		};
/* End PBXVariantGroup section */

/* Begin XCBuildConfiguration section */
		5DA9076A1A758C7C009D92C2 /* Debug */ = {
			isa = XCBuildConfiguration;
			buildSettings = {
				ALWAYS_SEARCH_USER_PATHS = NO;
				CLANG_CXX_LANGUAGE_STANDARD = "gnu++0x";
				CLANG_CXX_LIBRARY = "libc++";
				CLANG_ENABLE_MODULES = YES;
				CLANG_ENABLE_OBJC_ARC = YES;
				CLANG_WARN_BOOL_CONVERSION = YES;
				CLANG_WARN_CONSTANT_CONVERSION = YES;
				CLANG_WARN_DIRECT_OBJC_ISA_USAGE = YES_ERROR;
				CLANG_WARN_EMPTY_BODY = YES;
				CLANG_WARN_ENUM_CONVERSION = YES;
				CLANG_WARN_INT_CONVERSION = YES;
				CLANG_WARN_OBJC_ROOT_CLASS = YES_ERROR;
				CLANG_WARN_UNREACHABLE_CODE = YES;
				CLANG_WARN__DUPLICATE_METHOD_MATCH = YES;
				"CODE_SIGN_IDENTITY[sdk=iphoneos*]" = "iPhone Developer";
				COPY_PHASE_STRIP = NO;
				ENABLE_STRICT_OBJC_MSGSEND = YES;
				GCC_C_LANGUAGE_STANDARD = gnu99;
				GCC_DYNAMIC_NO_PIC = NO;
				GCC_OPTIMIZATION_LEVEL = 0;
				GCC_PREPROCESSOR_DEFINITIONS = (
					"DEBUG=1",
					"$(inherited)",
				);
				GCC_SYMBOLS_PRIVATE_EXTERN = NO;
				GCC_WARN_64_TO_32_BIT_CONVERSION = YES;
				GCC_WARN_ABOUT_RETURN_TYPE = YES_ERROR;
				GCC_WARN_UNDECLARED_SELECTOR = YES;
				GCC_WARN_UNINITIALIZED_AUTOS = YES_AGGRESSIVE;
				GCC_WARN_UNUSED_FUNCTION = YES;
				GCC_WARN_UNUSED_VARIABLE = YES;
				IPHONEOS_DEPLOYMENT_TARGET = 8.1;
				MTL_ENABLE_DEBUG_INFO = YES;
				ONLY_ACTIVE_ARCH = YES;
				SDKROOT = iphoneos;
				SWIFT_OPTIMIZATION_LEVEL = "-Onone";
			};
			name = Debug;
		};
		5DA9076B1A758C7C009D92C2 /* Release */ = {
			isa = XCBuildConfiguration;
			buildSettings = {
				ALWAYS_SEARCH_USER_PATHS = NO;
				CLANG_CXX_LANGUAGE_STANDARD = "gnu++0x";
				CLANG_CXX_LIBRARY = "libc++";
				CLANG_ENABLE_MODULES = YES;
				CLANG_ENABLE_OBJC_ARC = YES;
				CLANG_WARN_BOOL_CONVERSION = YES;
				CLANG_WARN_CONSTANT_CONVERSION = YES;
				CLANG_WARN_DIRECT_OBJC_ISA_USAGE = YES_ERROR;
				CLANG_WARN_EMPTY_BODY = YES;
				CLANG_WARN_ENUM_CONVERSION = YES;
				CLANG_WARN_INT_CONVERSION = YES;
				CLANG_WARN_OBJC_ROOT_CLASS = YES_ERROR;
				CLANG_WARN_UNREACHABLE_CODE = YES;
				CLANG_WARN__DUPLICATE_METHOD_MATCH = YES;
				"CODE_SIGN_IDENTITY[sdk=iphoneos*]" = "iPhone Developer";
				COPY_PHASE_STRIP = YES;
				ENABLE_NS_ASSERTIONS = NO;
				ENABLE_STRICT_OBJC_MSGSEND = YES;
				GCC_C_LANGUAGE_STANDARD = gnu99;
				GCC_WARN_64_TO_32_BIT_CONVERSION = YES;
				GCC_WARN_ABOUT_RETURN_TYPE = YES_ERROR;
				GCC_WARN_UNDECLARED_SELECTOR = YES;
				GCC_WARN_UNINITIALIZED_AUTOS = YES_AGGRESSIVE;
				GCC_WARN_UNUSED_FUNCTION = YES;
				GCC_WARN_UNUSED_VARIABLE = YES;
				IPHONEOS_DEPLOYMENT_TARGET = 8.1;
				MTL_ENABLE_DEBUG_INFO = NO;
				SDKROOT = iphoneos;
				VALIDATE_PRODUCT = YES;
			};
			name = Release;
		};
		5DA9076D1A758C7C009D92C2 /* Debug */ = {
			isa = XCBuildConfiguration;
			buildSettings = {
				ASSETCATALOG_COMPILER_APPICON_NAME = AppIcon;
				INFOPLIST_FILE = 23AndMeClient/Info.plist;
				LD_RUNPATH_SEARCH_PATHS = "$(inherited) @executable_path/Frameworks";
				PRODUCT_NAME = "$(TARGET_NAME)";
			};
			name = Debug;
		};
		5DA9076E1A758C7C009D92C2 /* Release */ = {
			isa = XCBuildConfiguration;
			buildSettings = {
				ASSETCATALOG_COMPILER_APPICON_NAME = AppIcon;
				INFOPLIST_FILE = 23AndMeClient/Info.plist;
				LD_RUNPATH_SEARCH_PATHS = "$(inherited) @executable_path/Frameworks";
				PRODUCT_NAME = "$(TARGET_NAME)";
			};
			name = Release;
		};
		5DA907701A758C7C009D92C2 /* Debug */ = {
			isa = XCBuildConfiguration;
			buildSettings = {
				BUNDLE_LOADER = "$(TEST_HOST)";
				FRAMEWORK_SEARCH_PATHS = (
					"$(SDKROOT)/Developer/Library/Frameworks",
					"$(inherited)",
				);
				GCC_PREPROCESSOR_DEFINITIONS = (
					"DEBUG=1",
					"$(inherited)",
				);
				INFOPLIST_FILE = 23AndMeClientTests/Info.plist;
				LD_RUNPATH_SEARCH_PATHS = "$(inherited) @executable_path/Frameworks @loader_path/Frameworks";
				PRODUCT_NAME = "$(TARGET_NAME)";
				TEST_HOST = "$(BUILT_PRODUCTS_DIR)/23AndMeClient.app/23AndMeClient";
			};
			name = Debug;
		};
		5DA907711A758C7C009D92C2 /* Release */ = {
			isa = XCBuildConfiguration;
			buildSettings = {
				BUNDLE_LOADER = "$(TEST_HOST)";
				FRAMEWORK_SEARCH_PATHS = (
					"$(SDKROOT)/Developer/Library/Frameworks",
					"$(inherited)",
				);
				INFOPLIST_FILE = 23AndMeClientTests/Info.plist;
				LD_RUNPATH_SEARCH_PATHS = "$(inherited) @executable_path/Frameworks @loader_path/Frameworks";
				PRODUCT_NAME = "$(TARGET_NAME)";
				TEST_HOST = "$(BUILT_PRODUCTS_DIR)/23AndMeClient.app/23AndMeClient";
			};
			name = Release;
		};
/* End XCBuildConfiguration section */

/* Begin XCConfigurationList section */
		5DA907481A758C7B009D92C2 /* Build configuration list for PBXProject "23AndMeClient" */ = {
			isa = XCConfigurationList;
			buildConfigurations = (
				5DA9076A1A758C7C009D92C2 /* Debug */,
				5DA9076B1A758C7C009D92C2 /* Release */,
			);
			defaultConfigurationIsVisible = 0;
			defaultConfigurationName = Release;
		};
		5DA9076C1A758C7C009D92C2 /* Build configuration list for PBXNativeTarget "23AndMeClient" */ = {
			isa = XCConfigurationList;
			buildConfigurations = (
				5DA9076D1A758C7C009D92C2 /* Debug */,
				5DA9076E1A758C7C009D92C2 /* Release */,
			);
			defaultConfigurationIsVisible = 0;
			defaultConfigurationName = Release;
		};
		5DA9076F1A758C7C009D92C2 /* Build configuration list for PBXNativeTarget "23AndMeClientTests" */ = {
			isa = XCConfigurationList;
			buildConfigurations = (
				5DA907701A758C7C009D92C2 /* Debug */,
				5DA907711A758C7C009D92C2 /* Release */,
			);
			defaultConfigurationIsVisible = 0;
			defaultConfigurationName = Release;
		};
/* End XCConfigurationList section */
	};
	rootObject = 5DA907451A758C7B009D92C2 /* Project object */;
}
